
Microsoft Visual Studio Solution File, Format Version 12.00
# Visual Studio Version 17
VisualStudioVersion = 17.2.32602.215
MinimumVisualStudioVersion = 10.0.40219.1
Project("{FAE04EC0-301F-11D3-BF4B-00C04F79EFBC}") = "CubeSlimes", "CubeSlimes.csproj", "{2F5FE686-6CE1-46A3-BB72-15562A21AEAB}"
EndProject
Global
	GlobalSection(SolutionConfigurationPlatforms) = preSolution
		Debug|Any CPU = Debug|Any CPU
		Release|Any CPU = Release|Any CPU
	EndGlobalSection
	GlobalSection(ProjectConfigurationPlatforms) = postSolution
		{2F5FE686-6CE1-46A3-BB72-15562A21AEAB}.Debug|Any CPU.ActiveCfg = Debug|Any CPU
		{2F5FE686-6CE1-46A3-BB72-15562A21AEAB}.Debug|Any CPU.Build.0 = Debug|Any CPU
		{2F5FE686-6CE1-46A3-BB72-15562A21AEAB}.Release|Any CPU.ActiveCfg = Release|Any CPU
		{2F5FE686-6CE1-46A3-BB72-15562A21AEAB}.Release|Any CPU.Build.0 = Release|Any CPU
	EndGlobalSection
	GlobalSection(SolutionProperties) = preSolution
		HideSolutionNode = FALSE
	EndGlobalSection
	GlobalSection(ExtensibilityGlobals) = postSolution
		SolutionGuid = {D4EB0F3B-1FD1-47E8-8EE6-225DA0CCCDA3}
	EndGlobalSection
EndGlobal
